
Microsoft Visual Studio Solution File, Format Version 12.00
Project("{FAE04EC0-301F-11D3-BF4B-00C04F79EFBC}") = "git example", "git example\git example.csproj", "{DA066008-59B1-4708-B14B-653DC175A17C}"
EndProject
Global
	GlobalSection(SolutionConfigurationPlatforms) = preSolution
		Debug|Any CPU = Debug|Any CPU
		Release|Any CPU = Release|Any CPU
	EndGlobalSection
	GlobalSection(ProjectConfigurationPlatforms) = postSolution
		{DA066008-59B1-4708-B14B-653DC175A17C}.Debug|Any CPU.ActiveCfg = Debug|Any CPU
		{DA066008-59B1-4708-B14B-653DC175A17C}.Debug|Any CPU.Build.0 = Debug|Any CPU
		{DA066008-59B1-4708-B14B-653DC175A17C}.Release|Any CPU.ActiveCfg = Release|Any CPU
		{DA066008-59B1-4708-B14B-653DC175A17C}.Release|Any CPU.Build.0 = Release|Any CPU
	EndGlobalSection
EndGlobal
